
Microsoft Visual Studio Solution File, Format Version 12.00
# Visual Studio Version 16
VisualStudioVersion = 16.0.30011.22
MinimumVisualStudioVersion = 10.0.40219.1
Project("{9A19103F-16F7-4668-BE54-9A1E7A4F7556}") = "AuditlogService", "AuditlogService\AuditlogService.csproj", "{BFA83D86-4B32-47AC-9C28-A0803D553B30}"
EndProject
Project("{9A19103F-16F7-4668-BE54-9A1E7A4F7556}") = "CustomerManagementAPI", "CustomerManagementAPI\CustomerManagementAPI.csproj", "{AB71E03C-525A-4AE8-BED1-293C21736D8B}"
EndProject
Project("{9A19103F-16F7-4668-BE54-9A1E7A4F7556}") = "Infrastructure.Messaging", "Infrastructure.Messaging\Infrastructure.Messaging.csproj", "{0384C19E-7F7B-47BE-8F75-1C434A12630C}"
EndProject
Project("{9A19103F-16F7-4668-BE54-9A1E7A4F7556}") = "InvoiceService", "InvoiceService\InvoiceService.csproj", "{07D934A0-26B8-463D-8FF6-5615617E1822}"
EndProject
Project("{9A19103F-16F7-4668-BE54-9A1E7A4F7556}") = "NotificationService", "NotificationService\NotificationService.csproj", "{E1E7F18C-537D-4A1C-9FB5-642B583E297A}"
EndProject
Project("{9A19103F-16F7-4668-BE54-9A1E7A4F7556}") = "TestUtils", "TestUtils\TestUtils.csproj", "{FD4E5E4C-CD72-4DB8-8745-4E2F1D3FB3F9}"
EndProject
Project("{9A19103F-16F7-4668-BE54-9A1E7A4F7556}") = "TimeService", "TimeService\TimeService.csproj", "{E2C37CA7-9D4A-4C8E-8467-80848F12ACDF}"
EndProject
Project("{9A19103F-16F7-4668-BE54-9A1E7A4F7556}") = "UITest", "UITest\UITest.csproj", "{DC5467DF-C488-46AC-A398-43026193AA7B}"
EndProject
Project("{9A19103F-16F7-4668-BE54-9A1E7A4F7556}") = "VehicleManagementAPI", "VehicleManagementAPI\VehicleManagementAPI.csproj", "{7701779D-38BD-46A0-BCC3-96B10F306704}"
EndProject
Project("{9A19103F-16F7-4668-BE54-9A1E7A4F7556}") = "WebApp", "WebApp\WebApp.csproj", "{E6C8FA9A-681A-40B2-9007-5ECCE3351D7D}"
EndProject
Project("{9A19103F-16F7-4668-BE54-9A1E7A4F7556}") = "WorkshopManagement.UnitTests", "WorkshopManagement.UnitTests\WorkshopManagement.UnitTests.csproj", "{43137337-B2E5-493F-967C-353A5A280BC9}"
EndProject
Project("{9A19103F-16F7-4668-BE54-9A1E7A4F7556}") = "WorkshopManagementAPI", "WorkshopManagementAPI\WorkshopManagementAPI.csproj", "{8C49E8FD-9978-4764-BDBA-6CFC29A2C757}"
EndProject
Project("{9A19103F-16F7-4668-BE54-9A1E7A4F7556}") = "WorkshopManagementEventHandler", "WorkshopManagementEventHandler\WorkshopManagementEventHandler.csproj", "{EDB36946-E48B-4BAE-8FEC-5855D37FFD88}"
EndProject
Project("{00D1A9C2-B5F0-4AF3-8072-F6C62B433612}") = "CustomerManagementDB", "CustomerManagementDB\CustomerManagementDB.sqlproj", "{442AD20E-52EC-48F3-A41B-9935E7E7F461}"
EndProject
Project("{00D1A9C2-B5F0-4AF3-8072-F6C62B433612}") = "InvoiceServiceDB", "InvoiceServiceDB\InvoiceServiceDB.sqlproj", "{336E3B48-66A9-497B-89AD-786DF5CC20FE}"
EndProject
Project("{00D1A9C2-B5F0-4AF3-8072-F6C62B433612}") = "NotificationDB", "NotificationDB\NotificationDB.sqlproj", "{FE7D0DE3-BCD8-4B73-814C-24D512E6FE48}"
EndProject
Project("{00D1A9C2-B5F0-4AF3-8072-F6C62B433612}") = "VehicleManagementDB", "VehicleManagementDB\VehicleManagementDB.sqlproj", "{A6F5ED66-7CFB-4EB7-ABBE-213ABDA19D3F}"
EndProject
Project("{00D1A9C2-B5F0-4AF3-8072-F6C62B433612}") = "WorkshopManagementEventStoreDB", "WorkshopManagementEventStoreDB\WorkshopManagementEventStoreDB.sqlproj", "{A77C3D59-A1E6-4721-BED4-C0075CC0E57F}"
EndProject
Project("{00D1A9C2-B5F0-4AF3-8072-F6C62B433612}") = "WorkshopManagementDB", "WorkshopManagementDB\WorkshopManagementDB.sqlproj", "{4278A6D9-A967-4469-A34C-8C8C2FB332CF}"
EndProject
Global
	GlobalSection(SolutionConfigurationPlatforms) = preSolution
		Debug|Any CPU = Debug|Any CPU
		Release|Any CPU = Release|Any CPU
	EndGlobalSection
	GlobalSection(ProjectConfigurationPlatforms) = postSolution
		{BFA83D86-4B32-47AC-9C28-A0803D553B30}.Debug|Any CPU.ActiveCfg = Debug|Any CPU
		{BFA83D86-4B32-47AC-9C28-A0803D553B30}.Debug|Any CPU.Build.0 = Debug|Any CPU
		{BFA83D86-4B32-47AC-9C28-A0803D553B30}.Release|Any CPU.ActiveCfg = Release|Any CPU
		{BFA83D86-4B32-47AC-9C28-A0803D553B30}.Release|Any CPU.Build.0 = Release|Any CPU
		{AB71E03C-525A-4AE8-BED1-293C21736D8B}.Debug|Any CPU.ActiveCfg = Debug|Any CPU
		{AB71E03C-525A-4AE8-BED1-293C21736D8B}.Debug|Any CPU.Build.0 = Debug|Any CPU
		{AB71E03C-525A-4AE8-BED1-293C21736D8B}.Release|Any CPU.ActiveCfg = Release|Any CPU
		{AB71E03C-525A-4AE8-BED1-293C21736D8B}.Release|Any CPU.Build.0 = Release|Any CPU
		{0384C19E-7F7B-47BE-8F75-1C434A12630C}.Debug|Any CPU.ActiveCfg = Debug|Any CPU
		{0384C19E-7F7B-47BE-8F75-1C434A12630C}.Debug|Any CPU.Build.0 = Debug|Any CPU
		{0384C19E-7F7B-47BE-8F75-1C434A12630C}.Release|Any CPU.ActiveCfg = Release|Any CPU
		{0384C19E-7F7B-47BE-8F75-1C434A12630C}.Release|Any CPU.Build.0 = Release|Any CPU
		{07D934A0-26B8-463D-8FF6-5615617E1822}.Debug|Any CPU.ActiveCfg = Debug|Any CPU
		{07D934A0-26B8-463D-8FF6-5615617E1822}.Debug|Any CPU.Build.0 = Debug|Any CPU
		{07D934A0-26B8-463D-8FF6-5615617E1822}.Release|Any CPU.ActiveCfg = Release|Any CPU
		{07D934A0-26B8-463D-8FF6-5615617E1822}.Release|Any CPU.Build.0 = Release|Any CPU
		{E1E7F18C-537D-4A1C-9FB5-642B583E297A}.Debug|Any CPU.ActiveCfg = Debug|Any CPU
		{E1E7F18C-537D-4A1C-9FB5-642B583E297A}.Debug|Any CPU.Build.0 = Debug|Any CPU
		{E1E7F18C-537D-4A1C-9FB5-642B583E297A}.Release|Any CPU.ActiveCfg = Release|Any CPU
		{E1E7F18C-537D-4A1C-9FB5-642B583E297A}.Release|Any CPU.Build.0 = Release|Any CPU
		{FD4E5E4C-CD72-4DB8-8745-4E2F1D3FB3F9}.Debug|Any CPU.ActiveCfg = Debug|Any CPU
		{FD4E5E4C-CD72-4DB8-8745-4E2F1D3FB3F9}.Debug|Any CPU.Build.0 = Debug|Any CPU
		{FD4E5E4C-CD72-4DB8-8745-4E2F1D3FB3F9}.Release|Any CPU.ActiveCfg = Release|Any CPU
		{FD4E5E4C-CD72-4DB8-8745-4E2F1D3FB3F9}.Release|Any CPU.Build.0 = Release|Any CPU
		{E2C37CA7-9D4A-4C8E-8467-80848F12ACDF}.Debug|Any CPU.ActiveCfg = Debug|Any CPU
		{E2C37CA7-9D4A-4C8E-8467-80848F12ACDF}.Debug|Any CPU.Build.0 = Debug|Any CPU
		{E2C37CA7-9D4A-4C8E-8467-80848F12ACDF}.Release|Any CPU.ActiveCfg = Release|Any CPU
		{E2C37CA7-9D4A-4C8E-8467-80848F12ACDF}.Release|Any CPU.Build.0 = Release|Any CPU
		{DC5467DF-C488-46AC-A398-43026193AA7B}.Debug|Any CPU.ActiveCfg = Debug|Any CPU
		{DC5467DF-C488-46AC-A398-43026193AA7B}.Debug|Any CPU.Build.0 = Debug|Any CPU
		{DC5467DF-C488-46AC-A398-43026193AA7B}.Release|Any CPU.ActiveCfg = Release|Any CPU
		{DC5467DF-C488-46AC-A398-43026193AA7B}.Release|Any CPU.Build.0 = Release|Any CPU
		{7701779D-38BD-46A0-BCC3-96B10F306704}.Debug|Any CPU.ActiveCfg = Debug|Any CPU
		{7701779D-38BD-46A0-BCC3-96B10F306704}.Debug|Any CPU.Build.0 = Debug|Any CPU
		{7701779D-38BD-46A0-BCC3-96B10F306704}.Release|Any CPU.ActiveCfg = Release|Any CPU
		{7701779D-38BD-46A0-BCC3-96B10F306704}.Release|Any CPU.Build.0 = Release|Any CPU
		{E6C8FA9A-681A-40B2-9007-5ECCE3351D7D}.Debug|Any CPU.ActiveCfg = Debug|Any CPU
		{E6C8FA9A-681A-40B2-9007-5ECCE3351D7D}.Debug|Any CPU.Build.0 = Debug|Any CPU
		{E6C8FA9A-681A-40B2-9007-5ECCE3351D7D}.Release|Any CPU.ActiveCfg = Release|Any CPU
		{E6C8FA9A-681A-40B2-9007-5ECCE3351D7D}.Release|Any CPU.Build.0 = Release|Any CPU
		{43137337-B2E5-493F-967C-353A5A280BC9}.Debug|Any CPU.ActiveCfg = Debug|Any CPU
		{43137337-B2E5-493F-967C-353A5A280BC9}.Debug|Any CPU.Build.0 = Debug|Any CPU
		{43137337-B2E5-493F-967C-353A5A280BC9}.Release|Any CPU.ActiveCfg = Release|Any CPU
		{43137337-B2E5-493F-967C-353A5A280BC9}.Release|Any CPU.Build.0 = Release|Any CPU
		{8C49E8FD-9978-4764-BDBA-6CFC29A2C757}.Debug|Any CPU.ActiveCfg = Debug|Any CPU
		{8C49E8FD-9978-4764-BDBA-6CFC29A2C757}.Debug|Any CPU.Build.0 = Debug|Any CPU
		{8C49E8FD-9978-4764-BDBA-6CFC29A2C757}.Release|Any CPU.ActiveCfg = Release|Any CPU
		{8C49E8FD-9978-4764-BDBA-6CFC29A2C757}.Release|Any CPU.Build.0 = Release|Any CPU
		{EDB36946-E48B-4BAE-8FEC-5855D37FFD88}.Debug|Any CPU.ActiveCfg = Debug|Any CPU
		{EDB36946-E48B-4BAE-8FEC-5855D37FFD88}.Debug|Any CPU.Build.0 = Debug|Any CPU
		{EDB36946-E48B-4BAE-8FEC-5855D37FFD88}.Release|Any CPU.ActiveCfg = Release|Any CPU
		{EDB36946-E48B-4BAE-8FEC-5855D37FFD88}.Release|Any CPU.Build.0 = Release|Any CPU
		{442AD20E-52EC-48F3-A41B-9935E7E7F461}.Debug|Any CPU.ActiveCfg = Debug|Any CPU
		{442AD20E-52EC-48F3-A41B-9935E7E7F461}.Debug|Any CPU.Build.0 = Debug|Any CPU
		{442AD20E-52EC-48F3-A41B-9935E7E7F461}.Debug|Any CPU.Deploy.0 = Debug|Any CPU
		{442AD20E-52EC-48F3-A41B-9935E7E7F461}.Release|Any CPU.ActiveCfg = Release|Any CPU
		{442AD20E-52EC-48F3-A41B-9935E7E7F461}.Release|Any CPU.Build.0 = Release|Any CPU
		{442AD20E-52EC-48F3-A41B-9935E7E7F461}.Release|Any CPU.Deploy.0 = Release|Any CPU
		{336E3B48-66A9-497B-89AD-786DF5CC20FE}.Debug|Any CPU.ActiveCfg = Debug|Any CPU
		{336E3B48-66A9-497B-89AD-786DF5CC20FE}.Debug|Any CPU.Build.0 = Debug|Any CPU
		{336E3B48-66A9-497B-89AD-786DF5CC20FE}.Debug|Any CPU.Deploy.0 = Debug|Any CPU
		{336E3B48-66A9-497B-89AD-786DF5CC20FE}.Release|Any CPU.ActiveCfg = Release|Any CPU
		{336E3B48-66A9-497B-89AD-786DF5CC20FE}.Release|Any CPU.Build.0 = Release|Any CPU
		{336E3B48-66A9-497B-89AD-786DF5CC20FE}.Release|Any CPU.Deploy.0 = Release|Any CPU
		{FE7D0DE3-BCD8-4B73-814C-24D512E6FE48}.Debug|Any CPU.ActiveCfg = Debug|Any CPU
		{FE7D0DE3-BCD8-4B73-814C-24D512E6FE48}.Debug|Any CPU.Build.0 = Debug|Any CPU
		{FE7D0DE3-BCD8-4B73-814C-24D512E6FE48}.Debug|Any CPU.Deploy.0 = Debug|Any CPU
		{FE7D0DE3-BCD8-4B73-814C-24D512E6FE48}.Release|Any CPU.ActiveCfg = Release|Any CPU
		{FE7D0DE3-BCD8-4B73-814C-24D512E6FE48}.Release|Any CPU.Build.0 = Release|Any CPU
		{FE7D0DE3-BCD8-4B73-814C-24D512E6FE48}.Release|Any CPU.Deploy.0 = Release|Any CPU
		{A6F5ED66-7CFB-4EB7-ABBE-213ABDA19D3F}.Debug|Any CPU.ActiveCfg = Debug|Any CPU
		{A6F5ED66-7CFB-4EB7-ABBE-213ABDA19D3F}.Debug|Any CPU.Build.0 = Debug|Any CPU
		{A6F5ED66-7CFB-4EB7-ABBE-213ABDA19D3F}.Debug|Any CPU.Deploy.0 = Debug|Any CPU
		{A6F5ED66-7CFB-4EB7-ABBE-213ABDA19D3F}.Release|Any CPU.ActiveCfg = Release|Any CPU
		{A6F5ED66-7CFB-4EB7-ABBE-213ABDA19D3F}.Release|Any CPU.Build.0 = Release|Any CPU
		{A6F5ED66-7CFB-4EB7-ABBE-213ABDA19D3F}.Release|Any CPU.Deploy.0 = Release|Any CPU
		{A77C3D59-A1E6-4721-BED4-C0075CC0E57F}.Debug|Any CPU.ActiveCfg = Debug|Any CPU
		{A77C3D59-A1E6-4721-BED4-C0075CC0E57F}.Debug|Any CPU.Build.0 = Debug|Any CPU
		{A77C3D59-A1E6-4721-BED4-C0075CC0E57F}.Debug|Any CPU.Deploy.0 = Debug|Any CPU
		{A77C3D59-A1E6-4721-BED4-C0075CC0E57F}.Release|Any CPU.ActiveCfg = Release|Any CPU
		{A77C3D59-A1E6-4721-BED4-C0075CC0E57F}.Release|Any CPU.Build.0 = Release|Any CPU
		{A77C3D59-A1E6-4721-BED4-C0075CC0E57F}.Release|Any CPU.Deploy.0 = Release|Any CPU
		{4278A6D9-A967-4469-A34C-8C8C2FB332CF}.Debug|Any CPU.ActiveCfg = Debug|Any CPU
		{4278A6D9-A967-4469-A34C-8C8C2FB332CF}.Debug|Any CPU.Build.0 = Debug|Any CPU
		{4278A6D9-A967-4469-A34C-8C8C2FB332CF}.Debug|Any CPU.Deploy.0 = Debug|Any CPU
		{4278A6D9-A967-4469-A34C-8C8C2FB332CF}.Release|Any CPU.ActiveCfg = Release|Any CPU
		{4278A6D9-A967-4469-A34C-8C8C2FB332CF}.Release|Any CPU.Build.0 = Release|Any CPU
		{4278A6D9-A967-4469-A34C-8C8C2FB332CF}.Release|Any CPU.Deploy.0 = Release|Any CPU
	EndGlobalSection
	GlobalSection(SolutionProperties) = preSolution
		HideSolutionNode = FALSE
	EndGlobalSection
	GlobalSection(ExtensibilityGlobals) = postSolution
		SolutionGuid = {A3566B68-BCE6-4670-9CF5-4F2D8F156D1B}
	EndGlobalSection
EndGlobal
